// !$*UTF8*$!
{
	archiveVersion = 1;
	classes = {
	};
	objectVersion = 55;
	objects = {

/* Begin PBXBuildFile section */
		E0601325276845CB008339EE /* DoubleLinkedList.swift in Sources */ = {isa = PBXBuildFile; fileRef = E0601324276845CB008339EE /* DoubleLinkedList.swift */; };
		E060132727684967008339EE /* DoubleLinkedListTests.swift in Sources */ = {isa = PBXBuildFile; fileRef = E060132627684967008339EE /* DoubleLinkedListTests.swift */; };
		E060132927684BC2008339EE /* LRUCache.swift in Sources */ = {isa = PBXBuildFile; fileRef = E060132827684BC2008339EE /* LRUCache.swift */; };
		E060132B2768544E008339EE /* LRUCacheTests.swift in Sources */ = {isa = PBXBuildFile; fileRef = E060132A2768544E008339EE /* LRUCacheTests.swift */; };
		E077A50D274B22BE00CD5850 /* AppDelegate.swift in Sources */ = {isa = PBXBuildFile; fileRef = E077A50C274B22BE00CD5850 /* AppDelegate.swift */; };
		E077A50F274B22BE00CD5850 /* SceneDelegate.swift in Sources */ = {isa = PBXBuildFile; fileRef = E077A50E274B22BE00CD5850 /* SceneDelegate.swift */; };
		E077A511274B22BE00CD5850 /* ViewController.swift in Sources */ = {isa = PBXBuildFile; fileRef = E077A510274B22BE00CD5850 /* ViewController.swift */; };
		E077A514274B22BE00CD5850 /* Main.storyboard in Resources */ = {isa = PBXBuildFile; fileRef = E077A512274B22BE00CD5850 /* Main.storyboard */; };
		E077A516274B22C100CD5850 /* Assets.xcassets in Resources */ = {isa = PBXBuildFile; fileRef = E077A515274B22C100CD5850 /* Assets.xcassets */; };
		E077A519274B22C100CD5850 /* LaunchScreen.storyboard in Resources */ = {isa = PBXBuildFile; fileRef = E077A517274B22C100CD5850 /* LaunchScreen.storyboard */; };
		E077A524274B22C100CD5850 /* LeetCodeAlgorithmsTests.swift in Sources */ = {isa = PBXBuildFile; fileRef = E077A523274B22C100CD5850 /* LeetCodeAlgorithmsTests.swift */; };
		E077A53E274B22F300CD5850 /* LeetCode.swift in Sources */ = {isa = PBXBuildFile; fileRef = E077A53D274B22F300CD5850 /* LeetCode.swift */; };
		E077A540274B235600CD5850 /* SingleLinkedList.swift in Sources */ = {isa = PBXBuildFile; fileRef = E077A53F274B235600CD5850 /* SingleLinkedList.swift */; };
/* End PBXBuildFile section */

/* Begin PBXContainerItemProxy section */
		E077A520274B22C100CD5850 /* PBXContainerItemProxy */ = {
			isa = PBXContainerItemProxy;
			containerPortal = E077A501274B22BE00CD5850 /* Project object */;
			proxyType = 1;
			remoteGlobalIDString = E077A508274B22BE00CD5850;
			remoteInfo = LinkedListAlgorithms;
		};
/* End PBXContainerItemProxy section */

/* Begin PBXFileReference section */
		E0601324276845CB008339EE /* DoubleLinkedList.swift */ = {isa = PBXFileReference; lastKnownFileType = sourcecode.swift; path = DoubleLinkedList.swift; sourceTree = "<group>"; };
		E060132627684967008339EE /* DoubleLinkedListTests.swift */ = {isa = PBXFileReference; lastKnownFileType = sourcecode.swift; path = DoubleLinkedListTests.swift; sourceTree = "<group>"; };
		E060132827684BC2008339EE /* LRUCache.swift */ = {isa = PBXFileReference; lastKnownFileType = sourcecode.swift; path = LRUCache.swift; sourceTree = "<group>"; };
		E060132A2768544E008339EE /* LRUCacheTests.swift */ = {isa = PBXFileReference; lastKnownFileType = sourcecode.swift; path = LRUCacheTests.swift; sourceTree = "<group>"; };
		E077A509274B22BE00CD5850 /* LinkedListAlgorithms.app */ = {isa = PBXFileReference; explicitFileType = wrapper.application; includeInIndex = 0; path = LinkedListAlgorithms.app; sourceTree = BUILT_PRODUCTS_DIR; };
		E077A50C274B22BE00CD5850 /* AppDelegate.swift */ = {isa = PBXFileReference; lastKnownFileType = sourcecode.swift; path = AppDelegate.swift; sourceTree = "<group>"; };
		E077A50E274B22BE00CD5850 /* SceneDelegate.swift */ = {isa = PBXFileReference; lastKnownFileType = sourcecode.swift; path = SceneDelegate.swift; sourceTree = "<group>"; };
		E077A510274B22BE00CD5850 /* ViewController.swift */ = {isa = PBXFileReference; lastKnownFileType = sourcecode.swift; path = ViewController.swift; sourceTree = "<group>"; };
		E077A513274B22BE00CD5850 /* Base */ = {isa = PBXFileReference; lastKnownFileType = file.storyboard; name = Base; path = Base.lproj/Main.storyboard; sourceTree = "<group>"; };
		E077A515274B22C100CD5850 /* Assets.xcassets */ = {isa = PBXFileReference; lastKnownFileType = folder.assetcatalog; path = Assets.xcassets; sourceTree = "<group>"; };
		E077A518274B22C100CD5850 /* Base */ = {isa = PBXFileReference; lastKnownFileType = file.storyboard; name = Base; path = Base.lproj/LaunchScreen.storyboard; sourceTree = "<group>"; };
		E077A51A274B22C100CD5850 /* Info.plist */ = {isa = PBXFileReference; lastKnownFileType = text.plist.xml; path = Info.plist; sourceTree = "<group>"; };
		E077A51F274B22C100CD5850 /* LinkedListAlgorithmsTests.xctest */ = {isa = PBXFileReference; explicitFileType = wrapper.cfbundle; includeInIndex = 0; path = LinkedListAlgorithmsTests.xctest; sourceTree = BUILT_PRODUCTS_DIR; };
		E077A523274B22C100CD5850 /* LeetCodeAlgorithmsTests.swift */ = {isa = PBXFileReference; lastKnownFileType = sourcecode.swift; path = LeetCodeAlgorithmsTests.swift; sourceTree = "<group>"; };
		E077A53D274B22F300CD5850 /* LeetCode.swift */ = {isa = PBXFileReference; lastKnownFileType = sourcecode.swift; path = LeetCode.swift; sourceTree = "<group>"; };
		E077A53F274B235600CD5850 /* SingleLinkedList.swift */ = {isa = PBXFileReference; lastKnownFileType = sourcecode.swift; path = SingleLinkedList.swift; sourceTree = "<group>"; };
/* End PBXFileReference section */

/* Begin PBXFrameworksBuildPhase section */
		E077A506274B22BE00CD5850 /* Frameworks */ = {
			isa = PBXFrameworksBuildPhase;
			buildActionMask = 2147483647;
			files = (
			);
			runOnlyForDeploymentPostprocessing = 0;
		};
		E077A51C274B22C100CD5850 /* Frameworks */ = {
			isa = PBXFrameworksBuildPhase;
			buildActionMask = 2147483647;
			files = (
			);
			runOnlyForDeploymentPostprocessing = 0;
		};
/* End PBXFrameworksBuildPhase section */

/* Begin PBXGroup section */
		E077A500274B22BE00CD5850 = {
			isa = PBXGroup;
			children = (
				E077A50B274B22BE00CD5850 /* LinkedListAlgorithms */,
				E077A522274B22C100CD5850 /* LinkedListAlgorithmsTests */,
				E077A50A274B22BE00CD5850 /* Products */,
			);
			sourceTree = "<group>";
		};
		E077A50A274B22BE00CD5850 /* Products */ = {
			isa = PBXGroup;
			children = (
				E077A509274B22BE00CD5850 /* LinkedListAlgorithms.app */,
				E077A51F274B22C100CD5850 /* LinkedListAlgorithmsTests.xctest */,
			);
			name = Products;
			sourceTree = "<group>";
		};
		E077A50B274B22BE00CD5850 /* LinkedListAlgorithms */ = {
			isa = PBXGroup;
			children = (
				E060132827684BC2008339EE /* LRUCache.swift */,
				E077A53F274B235600CD5850 /* SingleLinkedList.swift */,
				E0601324276845CB008339EE /* DoubleLinkedList.swift */,
				E077A53D274B22F300CD5850 /* LeetCode.swift */,
				E077A53C274B22D400CD5850 /* Supporting */,
				E077A51A274B22C100CD5850 /* Info.plist */,
			);
			path = LinkedListAlgorithms;
			sourceTree = "<group>";
		};
		E077A522274B22C100CD5850 /* LinkedListAlgorithmsTests */ = {
			isa = PBXGroup;
			children = (
				E077A523274B22C100CD5850 /* LeetCodeAlgorithmsTests.swift */,
				E060132627684967008339EE /* DoubleLinkedListTests.swift */,
				E060132A2768544E008339EE /* LRUCacheTests.swift */,
			);
			path = LinkedListAlgorithmsTests;
			sourceTree = "<group>";
		};
		E077A53C274B22D400CD5850 /* Supporting */ = {
			isa = PBXGroup;
			children = (
				E077A50C274B22BE00CD5850 /* AppDelegate.swift */,
				E077A50E274B22BE00CD5850 /* SceneDelegate.swift */,
				E077A510274B22BE00CD5850 /* ViewController.swift */,
				E077A512274B22BE00CD5850 /* Main.storyboard */,
				E077A515274B22C100CD5850 /* Assets.xcassets */,
				E077A517274B22C100CD5850 /* LaunchScreen.storyboard */,
			);
			path = Supporting;
			sourceTree = "<group>";
		};
/* End PBXGroup section */

/* Begin PBXNativeTarget section */
		E077A508274B22BE00CD5850 /* LinkedListAlgorithms */ = {
			isa = PBXNativeTarget;
			buildConfigurationList = E077A533274B22C100CD5850 /* Build configuration list for PBXNativeTarget "LinkedListAlgorithms" */;
			buildPhases = (
				E077A505274B22BE00CD5850 /* Sources */,
				E077A506274B22BE00CD5850 /* Frameworks */,
				E077A507274B22BE00CD5850 /* Resources */,
			);
			buildRules = (
			);
			dependencies = (
			);
			name = LinkedListAlgorithms;
			productName = LinkedListAlgorithms;
			productReference = E077A509274B22BE00CD5850 /* LinkedListAlgorithms.app */;
			productType = "com.apple.product-type.application";
		};
		E077A51E274B22C100CD5850 /* LinkedListAlgorithmsTests */ = {
			isa = PBXNativeTarget;
			buildConfigurationList = E077A536274B22C100CD5850 /* Build configuration list for PBXNativeTarget "LinkedListAlgorithmsTests" */;
			buildPhases = (
				E077A51B274B22C100CD5850 /* Sources */,
				E077A51C274B22C100CD5850 /* Frameworks */,
				E077A51D274B22C100CD5850 /* Resources */,
			);
			buildRules = (
			);
			dependencies = (
				E077A521274B22C100CD5850 /* PBXTargetDependency */,
			);
			name = LinkedListAlgorithmsTests;
			productName = LinkedListAlgorithmsTests;
			productReference = E077A51F274B22C100CD5850 /* LinkedListAlgorithmsTests.xctest */;
			productType = "com.apple.product-type.bundle.unit-test";
		};
/* End PBXNativeTarget section */

/* Begin PBXProject section */
		E077A501274B22BE00CD5850 /* Project object */ = {
			isa = PBXProject;
			attributes = {
				BuildIndependentTargetsInParallel = 1;
				LastSwiftUpdateCheck = 1310;
				LastUpgradeCheck = 1310;
				TargetAttributes = {
					E077A508274B22BE00CD5850 = {
						CreatedOnToolsVersion = 13.1;
					};
					E077A51E274B22C100CD5850 = {
						CreatedOnToolsVersion = 13.1;
						TestTargetID = E077A508274B22BE00CD5850;
					};
				};
			};
			buildConfigurationList = E077A504274B22BE00CD5850 /* Build configuration list for PBXProject "LinkedListAlgorithms" */;
			compatibilityVersion = "Xcode 13.0";
			developmentRegion = en;
			hasScannedForEncodings = 0;
			knownRegions = (
				en,
				Base,
			);
			mainGroup = E077A500274B22BE00CD5850;
			productRefGroup = E077A50A274B22BE00CD5850 /* Products */;
			projectDirPath = "";
			projectRoot = "";
			targets = (
				E077A508274B22BE00CD5850 /* LinkedListAlgorithms */,
				E077A51E274B22C100CD5850 /* LinkedListAlgorithmsTests */,
			);
		};
/* End PBXProject section */

/* Begin PBXResourcesBuildPhase section */
		E077A507274B22BE00CD5850 /* Resources */ = {
			isa = PBXResourcesBuildPhase;
			buildActionMask = 2147483647;
			files = (
				E077A519274B22C100CD5850 /* LaunchScreen.storyboard in Resources */,
				E077A516274B22C100CD5850 /* Assets.xcassets in Resources */,
				E077A514274B22BE00CD5850 /* Main.storyboard in Resources */,
			);
			runOnlyForDeploymentPostprocessing = 0;
		};
		E077A51D274B22C100CD5850 /* Resources */ = {
			isa = PBXResourcesBuildPhase;
			buildActionMask = 2147483647;
			files = (
			);
			runOnlyForDeploymentPostprocessing = 0;
		};
/* End PBXResourcesBuildPhase section */

/* Begin PBXSourcesBuildPhase section */
		E077A505274B22BE00CD5850 /* Sources */ = {
			isa = PBXSourcesBuildPhase;
			buildActionMask = 2147483647;
			files = (
				E077A511274B22BE00CD5850 /* ViewController.swift in Sources */,
				E0601325276845CB008339EE /* DoubleLinkedList.swift in Sources */,
				E077A50D274B22BE00CD5850 /* AppDelegate.swift in Sources */,
				E077A540274B235600CD5850 /* SingleLinkedList.swift in Sources */,
				E060132927684BC2008339EE /* LRUCache.swift in Sources */,
				E077A53E274B22F300CD5850 /* LeetCode.swift in Sources */,
				E077A50F274B22BE00CD5850 /* SceneDelegate.swift in Sources */,
			);
			runOnlyForDeploymentPostprocessing = 0;
		};
		E077A51B274B22C100CD5850 /* Sources */ = {
			isa = PBXSourcesBuildPhase;
			buildActionMask = 2147483647;
			files = (
				E060132727684967008339EE /* DoubleLinkedListTests.swift in Sources */,
				E060132B2768544E008339EE /* LRUCacheTests.swift in Sources */,
				E077A524274B22C100CD5850 /* LeetCodeAlgorithmsTests.swift in Sources */,
			);
			runOnlyForDeploymentPostprocessing = 0;
		};
/* End PBXSourcesBuildPhase section */

/* Begin PBXTargetDependency section */
		E077A521274B22C100CD5850 /* PBXTargetDependency */ = {
			isa = PBXTargetDependency;
			target = E077A508274B22BE00CD5850 /* LinkedListAlgorithms */;
			targetProxy = E077A520274B22C100CD5850 /* PBXContainerItemProxy */;
		};
/* End PBXTargetDependency section */

/* Begin PBXVariantGroup section */
		E077A512274B22BE00CD5850 /* Main.storyboard */ = {
			isa = PBXVariantGroup;
			children = (
				E077A513274B22BE00CD5850 /* Base */,
			);
			name = Main.storyboard;
			sourceTree = "<group>";
		};
		E077A517274B22C100CD5850 /* LaunchScreen.storyboard */ = {
			isa = PBXVariantGroup;
			children = (
				E077A518274B22C100CD5850 /* Base */,
			);
			name = LaunchScreen.storyboard;
			sourceTree = "<group>";
		};
/* End PBXVariantGroup section */

/* Begin XCBuildConfiguration section */
		E077A531274B22C100CD5850 /* Debug */ = {
			isa = XCBuildConfiguration;
			buildSettings = {
				ALWAYS_SEARCH_USER_PATHS = NO;
				CLANG_ANALYZER_NONNULL = YES;
				CLANG_ANALYZER_NUMBER_OBJECT_CONVERSION = YES_AGGRESSIVE;
				CLANG_CXX_LANGUAGE_STANDARD = "gnu++17";
				CLANG_CXX_LIBRARY = "libc++";
				CLANG_ENABLE_MODULES = YES;
				CLANG_ENABLE_OBJC_ARC = YES;
				CLANG_ENABLE_OBJC_WEAK = YES;
				CLANG_WARN_BLOCK_CAPTURE_AUTORELEASING = YES;
				CLANG_WARN_BOOL_CONVERSION = YES;
				CLANG_WARN_COMMA = YES;
				CLANG_WARN_CONSTANT_CONVERSION = YES;
				CLANG_WARN_DEPRECATED_OBJC_IMPLEMENTATIONS = YES;
				CLANG_WARN_DIRECT_OBJC_ISA_USAGE = YES_ERROR;
				CLANG_WARN_DOCUMENTATION_COMMENTS = YES;
				CLANG_WARN_EMPTY_BODY = YES;
				CLANG_WARN_ENUM_CONVERSION = YES;
				CLANG_WARN_INFINITE_RECURSION = YES;
				CLANG_WARN_INT_CONVERSION = YES;
				CLANG_WARN_NON_LITERAL_NULL_CONVERSION = YES;
				CLANG_WARN_OBJC_IMPLICIT_RETAIN_SELF = YES;
				CLANG_WARN_OBJC_LITERAL_CONVERSION = YES;
				CLANG_WARN_OBJC_ROOT_CLASS = YES_ERROR;
				CLANG_WARN_QUOTED_INCLUDE_IN_FRAMEWORK_HEADER = YES;
				CLANG_WARN_RANGE_LOOP_ANALYSIS = YES;
				CLANG_WARN_STRICT_PROTOTYPES = YES;
				CLANG_WARN_SUSPICIOUS_MOVE = YES;
				CLANG_WARN_UNGUARDED_AVAILABILITY = YES_AGGRESSIVE;
				CLANG_WARN_UNREACHABLE_CODE = YES;
				CLANG_WARN__DUPLICATE_METHOD_MATCH = YES;
				COPY_PHASE_STRIP = NO;
				DEBUG_INFORMATION_FORMAT = dwarf;
				ENABLE_STRICT_OBJC_MSGSEND = YES;
				ENABLE_TESTABILITY = YES;
				GCC_C_LANGUAGE_STANDARD = gnu11;
				GCC_DYNAMIC_NO_PIC = NO;
				GCC_NO_COMMON_BLOCKS = YES;
				GCC_OPTIMIZATION_LEVEL = 0;
				GCC_PREPROCESSOR_DEFINITIONS = (
					"DEBUG=1",
					"$(inherited)",
				);
				GCC_WARN_64_TO_32_BIT_CONVERSION = YES;
				GCC_WARN_ABOUT_RETURN_TYPE = YES_ERROR;
				GCC_WARN_UNDECLARED_SELECTOR = YES;
				GCC_WARN_UNINITIALIZED_AUTOS = YES_AGGRESSIVE;
				GCC_WARN_UNUSED_FUNCTION = YES;
				GCC_WARN_UNUSED_VARIABLE = YES;
				IPHONEOS_DEPLOYMENT_TARGET = 15.0;
				MTL_ENABLE_DEBUG_INFO = INCLUDE_SOURCE;
				MTL_FAST_MATH = YES;
				ONLY_ACTIVE_ARCH = YES;
				SDKROOT = iphoneos;
				SWIFT_ACTIVE_COMPILATION_CONDITIONS = DEBUG;
				SWIFT_OPTIMIZATION_LEVEL = "-Onone";
			};
			name = Debug;
		};
		E077A532274B22C100CD5850 /* Release */ = {
			isa = XCBuildConfiguration;
			buildSettings = {
				ALWAYS_SEARCH_USER_PATHS = NO;
				CLANG_ANALYZER_NONNULL = YES;
				CLANG_ANALYZER_NUMBER_OBJECT_CONVERSION = YES_AGGRESSIVE;
				CLANG_CXX_LANGUAGE_STANDARD = "gnu++17";
				CLANG_CXX_LIBRARY = "libc++";
				CLANG_ENABLE_MODULES = YES;
				CLANG_ENABLE_OBJC_ARC = YES;
				CLANG_ENABLE_OBJC_WEAK = YES;
				CLANG_WARN_BLOCK_CAPTURE_AUTORELEASING = YES;
				CLANG_WARN_BOOL_CONVERSION = YES;
				CLANG_WARN_COMMA = YES;
				CLANG_WARN_CONSTANT_CONVERSION = YES;
				CLANG_WARN_DEPRECATED_OBJC_IMPLEMENTATIONS = YES;
				CLANG_WARN_DIRECT_OBJC_ISA_USAGE = YES_ERROR;
				CLANG_WARN_DOCUMENTATION_COMMENTS = YES;
				CLANG_WARN_EMPTY_BODY = YES;
				CLANG_WARN_ENUM_CONVERSION = YES;
				CLANG_WARN_INFINITE_RECURSION = YES;
				CLANG_WARN_INT_CONVERSION = YES;
				CLANG_WARN_NON_LITERAL_NULL_CONVERSION = YES;
				CLANG_WARN_OBJC_IMPLICIT_RETAIN_SELF = YES;
				CLANG_WARN_OBJC_LITERAL_CONVERSION = YES;
				CLANG_WARN_OBJC_ROOT_CLASS = YES_ERROR;
				CLANG_WARN_QUOTED_INCLUDE_IN_FRAMEWORK_HEADER = YES;
				CLANG_WARN_RANGE_LOOP_ANALYSIS = YES;
				CLANG_WARN_STRICT_PROTOTYPES = YES;
				CLANG_WARN_SUSPICIOUS_MOVE = YES;
				CLANG_WARN_UNGUARDED_AVAILABILITY = YES_AGGRESSIVE;
				CLANG_WARN_UNREACHABLE_CODE = YES;
				CLANG_WARN__DUPLICATE_METHOD_MATCH = YES;
				COPY_PHASE_STRIP = NO;
				DEBUG_INFORMATION_FORMAT = "dwarf-with-dsym";
				ENABLE_NS_ASSERTIONS = NO;
				ENABLE_STRICT_OBJC_MSGSEND = YES;
				GCC_C_LANGUAGE_STANDARD = gnu11;
				GCC_NO_COMMON_BLOCKS = YES;
				GCC_WARN_64_TO_32_BIT_CONVERSION = YES;
				GCC_WARN_ABOUT_RETURN_TYPE = YES_ERROR;
				GCC_WARN_UNDECLARED_SELECTOR = YES;
				GCC_WARN_UNINITIALIZED_AUTOS = YES_AGGRESSIVE;
				GCC_WARN_UNUSED_FUNCTION = YES;
				GCC_WARN_UNUSED_VARIABLE = YES;
				IPHONEOS_DEPLOYMENT_TARGET = 15.0;
				MTL_ENABLE_DEBUG_INFO = NO;
				MTL_FAST_MATH = YES;
				SDKROOT = iphoneos;
				SWIFT_COMPILATION_MODE = wholemodule;
				SWIFT_OPTIMIZATION_LEVEL = "-O";
				VALIDATE_PRODUCT = YES;
			};
			name = Release;
		};
		E077A534274B22C100CD5850 /* Debug */ = {
			isa = XCBuildConfiguration;
			buildSettings = {
				ASSETCATALOG_COMPILER_APPICON_NAME = AppIcon;
				ASSETCATALOG_COMPILER_GLOBAL_ACCENT_COLOR_NAME = AccentColor;
				CODE_SIGN_STYLE = Automatic;
				CURRENT_PROJECT_VERSION = 1;
				GENERATE_INFOPLIST_FILE = YES;
				INFOPLIST_FILE = LinkedListAlgorithms/Info.plist;
				INFOPLIST_KEY_UIApplicationSupportsIndirectInputEvents = YES;
				INFOPLIST_KEY_UILaunchStoryboardName = LaunchScreen;
				INFOPLIST_KEY_UIMainStoryboardFile = Main;
				INFOPLIST_KEY_UISupportedInterfaceOrientations_iPad = "UIInterfaceOrientationPortrait UIInterfaceOrientationPortraitUpsideDown UIInterfaceOrientationLandscapeLeft UIInterfaceOrientationLandscapeRight";
				INFOPLIST_KEY_UISupportedInterfaceOrientations_iPhone = "UIInterfaceOrientationPortrait UIInterfaceOrientationLandscapeLeft UIInterfaceOrientationLandscapeRight";
				LD_RUNPATH_SEARCH_PATHS = (
					"$(inherited)",
					"@executable_path/Frameworks",
				);
				MARKETING_VERSION = 1.0;
				PRODUCT_BUNDLE_IDENTIFIER = com.AdaloveSoftware.LinkedListAlgorithms;
				PRODUCT_NAME = "$(TARGET_NAME)";
				SWIFT_EMIT_LOC_STRINGS = YES;
				SWIFT_VERSION = 5.0;
				TARGETED_DEVICE_FAMILY = "1,2";
			};
			name = Debug;
		};
		E077A535274B22C100CD5850 /* Release */ = {
			isa = XCBuildConfiguration;
			buildSettings = {
				ASSETCATALOG_COMPILER_APPICON_NAME = AppIcon;
				ASSETCATALOG_COMPILER_GLOBAL_ACCENT_COLOR_NAME = AccentColor;
				CODE_SIGN_STYLE = Automatic;
				CURRENT_PROJECT_VERSION = 1;
				GENERATE_INFOPLIST_FILE = YES;
				INFOPLIST_FILE = LinkedListAlgorithms/Info.plist;
				INFOPLIST_KEY_UIApplicationSupportsIndirectInputEvents = YES;
				INFOPLIST_KEY_UILaunchStoryboardName = LaunchScreen;
				INFOPLIST_KEY_UIMainStoryboardFile = Main;
				INFOPLIST_KEY_UISupportedInterfaceOrientations_iPad = "UIInterfaceOrientationPortrait UIInterfaceOrientationPortraitUpsideDown UIInterfaceOrientationLandscapeLeft UIInterfaceOrientationLandscapeRight";
				INFOPLIST_KEY_UISupportedInterfaceOrientations_iPhone = "UIInterfaceOrientationPortrait UIInterfaceOrientationLandscapeLeft UIInterfaceOrientationLandscapeRight";
				LD_RUNPATH_SEARCH_PATHS = (
					"$(inherited)",
					"@executable_path/Frameworks",
				);
				MARKETING_VERSION = 1.0;
				PRODUCT_BUNDLE_IDENTIFIER = com.AdaloveSoftware.LinkedListAlgorithms;
				PRODUCT_NAME = "$(TARGET_NAME)";
				SWIFT_EMIT_LOC_STRINGS = YES;
				SWIFT_VERSION = 5.0;
				TARGETED_DEVICE_FAMILY = "1,2";
			};
			name = Release;
		};
		E077A537274B22C100CD5850 /* Debug */ = {
			isa = XCBuildConfiguration;
			buildSettings = {
				ALWAYS_EMBED_SWIFT_STANDARD_LIBRARIES = YES;
				BUNDLE_LOADER = "$(TEST_HOST)";
				CODE_SIGN_STYLE = Automatic;
				CURRENT_PROJECT_VERSION = 1;
				GENERATE_INFOPLIST_FILE = YES;
				IPHONEOS_DEPLOYMENT_TARGET = 15.0;
				LD_RUNPATH_SEARCH_PATHS = (
					"$(inherited)",
					"@executable_path/Frameworks",
					"@loader_path/Frameworks",
				);
				MARKETING_VERSION = 1.0;
				PRODUCT_BUNDLE_IDENTIFIER = com.AdaloveSoftware.LinkedListAlgorithmsTests;
				PRODUCT_NAME = "$(TARGET_NAME)";
				SWIFT_EMIT_LOC_STRINGS = NO;
				SWIFT_VERSION = 5.0;
				TARGETED_DEVICE_FAMILY = "1,2";
				TEST_HOST = "$(BUILT_PRODUCTS_DIR)/LinkedListAlgorithms.app/LinkedListAlgorithms";
			};
			name = Debug;
		};
		E077A538274B22C100CD5850 /* Release */ = {
			isa = XCBuildConfiguration;
			buildSettings = {
				ALWAYS_EMBED_SWIFT_STANDARD_LIBRARIES = YES;
				BUNDLE_LOADER = "$(TEST_HOST)";
				CODE_SIGN_STYLE = Automatic;
				CURRENT_PROJECT_VERSION = 1;
				GENERATE_INFOPLIST_FILE = YES;
				IPHONEOS_DEPLOYMENT_TARGET = 15.0;
				LD_RUNPATH_SEARCH_PATHS = (
					"$(inherited)",
					"@executable_path/Frameworks",
					"@loader_path/Frameworks",
				);
				MARKETING_VERSION = 1.0;
				PRODUCT_BUNDLE_IDENTIFIER = com.AdaloveSoftware.LinkedListAlgorithmsTests;
				PRODUCT_NAME = "$(TARGET_NAME)";
				SWIFT_EMIT_LOC_STRINGS = NO;
				SWIFT_VERSION = 5.0;
				TARGETED_DEVICE_FAMILY = "1,2";
				TEST_HOST = "$(BUILT_PRODUCTS_DIR)/LinkedListAlgorithms.app/LinkedListAlgorithms";
			};
			name = Release;
		};
/* End XCBuildConfiguration section */

/* Begin XCConfigurationList section */
		E077A504274B22BE00CD5850 /* Build configuration list for PBXProject "LinkedListAlgorithms" */ = {
			isa = XCConfigurationList;
			buildConfigurations = (
				E077A531274B22C100CD5850 /* Debug */,
				E077A532274B22C100CD5850 /* Release */,
			);
			defaultConfigurationIsVisible = 0;
			defaultConfigurationName = Release;
		};
		E077A533274B22C100CD5850 /* Build configuration list for PBXNativeTarget "LinkedListAlgorithms" */ = {
			isa = XCConfigurationList;
			buildConfigurations = (
				E077A534274B22C100CD5850 /* Debug */,
				E077A535274B22C100CD5850 /* Release */,
			);
			defaultConfigurationIsVisible = 0;
			defaultConfigurationName = Release;
		};
		E077A536274B22C100CD5850 /* Build configuration list for PBXNativeTarget "LinkedListAlgorithmsTests" */ = {
			isa = XCConfigurationList;
			buildConfigurations = (
				E077A537274B22C100CD5850 /* Debug */,
				E077A538274B22C100CD5850 /* Release */,
			);
			defaultConfigurationIsVisible = 0;
			defaultConfigurationName = Release;
		};
/* End XCConfigurationList section */
	};
	rootObject = E077A501274B22BE00CD5850 /* Project object */;
}
