// !$*UTF8*$!
{
	archiveVersion = 1;
	classes = {
	};
	objectVersion = 55;
	objects = {

/* Begin PBXBuildFile section */
		E043545927BD33D100CAC1BA /* 4-FastAndSlowPointersPattern.swift in Sources */ = {isa = PBXBuildFile; fileRef = E043545827BD33D100CAC1BA /* 4-FastAndSlowPointersPattern.swift */; };
		E043545B27BD33EE00CAC1BA /* 4-FastAndSlowPointersPatternTests.swift in Sources */ = {isa = PBXBuildFile; fileRef = E043545A27BD33EE00CAC1BA /* 4-FastAndSlowPointersPatternTests.swift */; };
		E043545E27BD34BF00CAC1BA /* LinkedListNode.swift in Sources */ = {isa = PBXBuildFile; fileRef = E043545D27BD34BF00CAC1BA /* LinkedListNode.swift */; };
		E056B03027BB493300E8231F /* 3-TwoPointersPattern.swift in Sources */ = {isa = PBXBuildFile; fileRef = E056B02F27BB493300E8231F /* 3-TwoPointersPattern.swift */; };
		E056B03227BB497500E8231F /* 3-TwoPointersPatternTests.swift in Sources */ = {isa = PBXBuildFile; fileRef = E056B03127BB497500E8231F /* 3-TwoPointersPatternTests.swift */; };
		E06C7AE627C49DEB005028B2 /* 5-MergeIntervalsPattern.swift in Sources */ = {isa = PBXBuildFile; fileRef = E06C7AE527C49DEB005028B2 /* 5-MergeIntervalsPattern.swift */; };
		E06C7AE827C49DFF005028B2 /* 5-MergeIntervalsPatternTests.swift in Sources */ = {isa = PBXBuildFile; fileRef = E06C7AE727C49DFF005028B2 /* 5-MergeIntervalsPatternTests.swift */; };
		E06C7AEA27C49F68005028B2 /* Interval.swift in Sources */ = {isa = PBXBuildFile; fileRef = E06C7AE927C49F68005028B2 /* Interval.swift */; };
		E088CA4A27C29A000086831E /* DequeModule in Frameworks */ = {isa = PBXBuildFile; productRef = E088CA4927C29A000086831E /* DequeModule */; };
		E0B0661227AF344700D2542E /* AppDelegate.swift in Sources */ = {isa = PBXBuildFile; fileRef = E0B0661127AF344700D2542E /* AppDelegate.swift */; };
		E0B0661427AF344700D2542E /* SceneDelegate.swift in Sources */ = {isa = PBXBuildFile; fileRef = E0B0661327AF344700D2542E /* SceneDelegate.swift */; };
		E0B0661627AF344700D2542E /* ViewController.swift in Sources */ = {isa = PBXBuildFile; fileRef = E0B0661527AF344700D2542E /* ViewController.swift */; };
		E0B0661927AF344700D2542E /* Main.storyboard in Resources */ = {isa = PBXBuildFile; fileRef = E0B0661727AF344700D2542E /* Main.storyboard */; };
		E0B0661B27AF344900D2542E /* Assets.xcassets in Resources */ = {isa = PBXBuildFile; fileRef = E0B0661A27AF344900D2542E /* Assets.xcassets */; };
		E0B0661E27AF344900D2542E /* LaunchScreen.storyboard in Resources */ = {isa = PBXBuildFile; fileRef = E0B0661C27AF344900D2542E /* LaunchScreen.storyboard */; };
		E0B0662927AF344900D2542E /* 2-SlidingWindowPatternTests.swift in Sources */ = {isa = PBXBuildFile; fileRef = E0B0662827AF344900D2542E /* 2-SlidingWindowPatternTests.swift */; };
		E0B0664327AF347800D2542E /* 2-SlidingWindowPattern.swift in Sources */ = {isa = PBXBuildFile; fileRef = E0B0664227AF347800D2542E /* 2-SlidingWindowPattern.swift */; };
/* End PBXBuildFile section */

/* Begin PBXContainerItemProxy section */
		E0B0662527AF344900D2542E /* PBXContainerItemProxy */ = {
			isa = PBXContainerItemProxy;
			containerPortal = E0B0660627AF344700D2542E /* Project object */;
			proxyType = 1;
			remoteGlobalIDString = E0B0660D27AF344700D2542E;
			remoteInfo = GrokkingTheCodingInterview;
		};
/* End PBXContainerItemProxy section */

/* Begin PBXFileReference section */
		E043545827BD33D100CAC1BA /* 4-FastAndSlowPointersPattern.swift */ = {isa = PBXFileReference; lastKnownFileType = sourcecode.swift; path = "4-FastAndSlowPointersPattern.swift"; sourceTree = "<group>"; };
		E043545A27BD33EE00CAC1BA /* 4-FastAndSlowPointersPatternTests.swift */ = {isa = PBXFileReference; lastKnownFileType = sourcecode.swift; path = "4-FastAndSlowPointersPatternTests.swift"; sourceTree = "<group>"; };
		E043545D27BD34BF00CAC1BA /* LinkedListNode.swift */ = {isa = PBXFileReference; lastKnownFileType = sourcecode.swift; path = LinkedListNode.swift; sourceTree = "<group>"; };
		E056B02F27BB493300E8231F /* 3-TwoPointersPattern.swift */ = {isa = PBXFileReference; lastKnownFileType = sourcecode.swift; path = "3-TwoPointersPattern.swift"; sourceTree = "<group>"; };
		E056B03127BB497500E8231F /* 3-TwoPointersPatternTests.swift */ = {isa = PBXFileReference; lastKnownFileType = sourcecode.swift; path = "3-TwoPointersPatternTests.swift"; sourceTree = "<group>"; };
		E06C7AE527C49DEB005028B2 /* 5-MergeIntervalsPattern.swift */ = {isa = PBXFileReference; lastKnownFileType = sourcecode.swift; path = "5-MergeIntervalsPattern.swift"; sourceTree = "<group>"; };
		E06C7AE727C49DFF005028B2 /* 5-MergeIntervalsPatternTests.swift */ = {isa = PBXFileReference; lastKnownFileType = sourcecode.swift; path = "5-MergeIntervalsPatternTests.swift"; sourceTree = "<group>"; };
		E06C7AE927C49F68005028B2 /* Interval.swift */ = {isa = PBXFileReference; lastKnownFileType = sourcecode.swift; path = Interval.swift; sourceTree = "<group>"; };
		E0B0660E27AF344700D2542E /* GrokkingTheCodingInterview.app */ = {isa = PBXFileReference; explicitFileType = wrapper.application; includeInIndex = 0; path = GrokkingTheCodingInterview.app; sourceTree = BUILT_PRODUCTS_DIR; };
		E0B0661127AF344700D2542E /* AppDelegate.swift */ = {isa = PBXFileReference; lastKnownFileType = sourcecode.swift; path = AppDelegate.swift; sourceTree = "<group>"; };
		E0B0661327AF344700D2542E /* SceneDelegate.swift */ = {isa = PBXFileReference; lastKnownFileType = sourcecode.swift; path = SceneDelegate.swift; sourceTree = "<group>"; };
		E0B0661527AF344700D2542E /* ViewController.swift */ = {isa = PBXFileReference; lastKnownFileType = sourcecode.swift; path = ViewController.swift; sourceTree = "<group>"; };
		E0B0661827AF344700D2542E /* Base */ = {isa = PBXFileReference; lastKnownFileType = file.storyboard; name = Base; path = Base.lproj/Main.storyboard; sourceTree = "<group>"; };
		E0B0661A27AF344900D2542E /* Assets.xcassets */ = {isa = PBXFileReference; lastKnownFileType = folder.assetcatalog; path = Assets.xcassets; sourceTree = "<group>"; };
		E0B0661D27AF344900D2542E /* Base */ = {isa = PBXFileReference; lastKnownFileType = file.storyboard; name = Base; path = Base.lproj/LaunchScreen.storyboard; sourceTree = "<group>"; };
		E0B0661F27AF344900D2542E /* Info.plist */ = {isa = PBXFileReference; lastKnownFileType = text.plist.xml; path = Info.plist; sourceTree = "<group>"; };
		E0B0662427AF344900D2542E /* GrokkingTheCodingInterviewTests.xctest */ = {isa = PBXFileReference; explicitFileType = wrapper.cfbundle; includeInIndex = 0; path = GrokkingTheCodingInterviewTests.xctest; sourceTree = BUILT_PRODUCTS_DIR; };
		E0B0662827AF344900D2542E /* 2-SlidingWindowPatternTests.swift */ = {isa = PBXFileReference; lastKnownFileType = sourcecode.swift; path = "2-SlidingWindowPatternTests.swift"; sourceTree = "<group>"; };
		E0B0664227AF347800D2542E /* 2-SlidingWindowPattern.swift */ = {isa = PBXFileReference; lastKnownFileType = sourcecode.swift; path = "2-SlidingWindowPattern.swift"; sourceTree = "<group>"; };
/* End PBXFileReference section */

/* Begin PBXFrameworksBuildPhase section */
		E0B0660B27AF344700D2542E /* Frameworks */ = {
			isa = PBXFrameworksBuildPhase;
			buildActionMask = 2147483647;
			files = (
				E088CA4A27C29A000086831E /* DequeModule in Frameworks */,
			);
			runOnlyForDeploymentPostprocessing = 0;
		};
		E0B0662127AF344900D2542E /* Frameworks */ = {
			isa = PBXFrameworksBuildPhase;
			buildActionMask = 2147483647;
			files = (
			);
			runOnlyForDeploymentPostprocessing = 0;
		};
/* End PBXFrameworksBuildPhase section */

/* Begin PBXGroup section */
		E043545C27BD349B00CAC1BA /* Data Structures */ = {
			isa = PBXGroup;
			children = (
				E043545D27BD34BF00CAC1BA /* LinkedListNode.swift */,
				E06C7AE927C49F68005028B2 /* Interval.swift */,
			);
			path = "Data Structures";
			sourceTree = "<group>";
		};
		E0B0660527AF344700D2542E = {
			isa = PBXGroup;
			children = (
				E0B0661027AF344700D2542E /* GrokkingTheCodingInterview */,
				E0B0662727AF344900D2542E /* GrokkingTheCodingInterviewTests */,
				E0B0660F27AF344700D2542E /* Products */,
			);
			sourceTree = "<group>";
		};
		E0B0660F27AF344700D2542E /* Products */ = {
			isa = PBXGroup;
			children = (
				E0B0660E27AF344700D2542E /* GrokkingTheCodingInterview.app */,
				E0B0662427AF344900D2542E /* GrokkingTheCodingInterviewTests.xctest */,
			);
			name = Products;
			sourceTree = "<group>";
		};
		E0B0661027AF344700D2542E /* GrokkingTheCodingInterview */ = {
			isa = PBXGroup;
			children = (
				E043545C27BD349B00CAC1BA /* Data Structures */,
				E0B0664227AF347800D2542E /* 2-SlidingWindowPattern.swift */,
				E056B02F27BB493300E8231F /* 3-TwoPointersPattern.swift */,
				E043545827BD33D100CAC1BA /* 4-FastAndSlowPointersPattern.swift */,
				E06C7AE527C49DEB005028B2 /* 5-MergeIntervalsPattern.swift */,
				E0B0664127AF346000D2542E /* Supporting */,
				E0B0661F27AF344900D2542E /* Info.plist */,
			);
			path = GrokkingTheCodingInterview;
			sourceTree = "<group>";
		};
		E0B0662727AF344900D2542E /* GrokkingTheCodingInterviewTests */ = {
			isa = PBXGroup;
			children = (
				E0B0662827AF344900D2542E /* 2-SlidingWindowPatternTests.swift */,
				E056B03127BB497500E8231F /* 3-TwoPointersPatternTests.swift */,
				E043545A27BD33EE00CAC1BA /* 4-FastAndSlowPointersPatternTests.swift */,
				E06C7AE727C49DFF005028B2 /* 5-MergeIntervalsPatternTests.swift */,
			);
			path = GrokkingTheCodingInterviewTests;
			sourceTree = "<group>";
		};
		E0B0664127AF346000D2542E /* Supporting */ = {
			isa = PBXGroup;
			children = (
				E0B0661127AF344700D2542E /* AppDelegate.swift */,
				E0B0661327AF344700D2542E /* SceneDelegate.swift */,
				E0B0661527AF344700D2542E /* ViewController.swift */,
				E0B0661727AF344700D2542E /* Main.storyboard */,
				E0B0661A27AF344900D2542E /* Assets.xcassets */,
				E0B0661C27AF344900D2542E /* LaunchScreen.storyboard */,
			);
			path = Supporting;
			sourceTree = "<group>";
		};
/* End PBXGroup section */

/* Begin PBXNativeTarget section */
		E0B0660D27AF344700D2542E /* GrokkingTheCodingInterview */ = {
			isa = PBXNativeTarget;
			buildConfigurationList = E0B0663827AF344900D2542E /* Build configuration list for PBXNativeTarget "GrokkingTheCodingInterview" */;
			buildPhases = (
				E0B0660A27AF344700D2542E /* Sources */,
				E0B0660B27AF344700D2542E /* Frameworks */,
				E0B0660C27AF344700D2542E /* Resources */,
			);
			buildRules = (
			);
			dependencies = (
			);
			name = GrokkingTheCodingInterview;
			packageProductDependencies = (
				E088CA4927C29A000086831E /* DequeModule */,
			);
			productName = GrokkingTheCodingInterview;
			productReference = E0B0660E27AF344700D2542E /* GrokkingTheCodingInterview.app */;
			productType = "com.apple.product-type.application";
		};
		E0B0662327AF344900D2542E /* GrokkingTheCodingInterviewTests */ = {
			isa = PBXNativeTarget;
			buildConfigurationList = E0B0663B27AF344900D2542E /* Build configuration list for PBXNativeTarget "GrokkingTheCodingInterviewTests" */;
			buildPhases = (
				E0B0662027AF344900D2542E /* Sources */,
				E0B0662127AF344900D2542E /* Frameworks */,
				E0B0662227AF344900D2542E /* Resources */,
			);
			buildRules = (
			);
			dependencies = (
				E0B0662627AF344900D2542E /* PBXTargetDependency */,
			);
			name = GrokkingTheCodingInterviewTests;
			productName = GrokkingTheCodingInterviewTests;
			productReference = E0B0662427AF344900D2542E /* GrokkingTheCodingInterviewTests.xctest */;
			productType = "com.apple.product-type.bundle.unit-test";
		};
/* End PBXNativeTarget section */

/* Begin PBXProject section */
		E0B0660627AF344700D2542E /* Project object */ = {
			isa = PBXProject;
			attributes = {
				BuildIndependentTargetsInParallel = 1;
				LastSwiftUpdateCheck = 1310;
				LastUpgradeCheck = 1310;
				TargetAttributes = {
					E0B0660D27AF344700D2542E = {
						CreatedOnToolsVersion = 13.1;
					};
					E0B0662327AF344900D2542E = {
						CreatedOnToolsVersion = 13.1;
						TestTargetID = E0B0660D27AF344700D2542E;
					};
				};
			};
			buildConfigurationList = E0B0660927AF344700D2542E /* Build configuration list for PBXProject "GrokkingTheCodingInterview" */;
			compatibilityVersion = "Xcode 13.0";
			developmentRegion = en;
			hasScannedForEncodings = 0;
			knownRegions = (
				en,
				Base,
			);
			mainGroup = E0B0660527AF344700D2542E;
			packageReferences = (
				E088CA4827C29A000086831E /* XCRemoteSwiftPackageReference "swift-collections" */,
			);
			productRefGroup = E0B0660F27AF344700D2542E /* Products */;
			projectDirPath = "";
			projectRoot = "";
			targets = (
				E0B0660D27AF344700D2542E /* GrokkingTheCodingInterview */,
				E0B0662327AF344900D2542E /* GrokkingTheCodingInterviewTests */,
			);
		};
/* End PBXProject section */

/* Begin PBXResourcesBuildPhase section */
		E0B0660C27AF344700D2542E /* Resources */ = {
			isa = PBXResourcesBuildPhase;
			buildActionMask = 2147483647;
			files = (
				E0B0661E27AF344900D2542E /* LaunchScreen.storyboard in Resources */,
				E0B0661B27AF344900D2542E /* Assets.xcassets in Resources */,
				E0B0661927AF344700D2542E /* Main.storyboard in Resources */,
			);
			runOnlyForDeploymentPostprocessing = 0;
		};
		E0B0662227AF344900D2542E /* Resources */ = {
			isa = PBXResourcesBuildPhase;
			buildActionMask = 2147483647;
			files = (
			);
			runOnlyForDeploymentPostprocessing = 0;
		};
/* End PBXResourcesBuildPhase section */

/* Begin PBXSourcesBuildPhase section */
		E0B0660A27AF344700D2542E /* Sources */ = {
			isa = PBXSourcesBuildPhase;
			buildActionMask = 2147483647;
			files = (
				E06C7AE627C49DEB005028B2 /* 5-MergeIntervalsPattern.swift in Sources */,
				E043545E27BD34BF00CAC1BA /* LinkedListNode.swift in Sources */,
				E043545927BD33D100CAC1BA /* 4-FastAndSlowPointersPattern.swift in Sources */,
				E0B0661627AF344700D2542E /* ViewController.swift in Sources */,
				E0B0664327AF347800D2542E /* 2-SlidingWindowPattern.swift in Sources */,
				E06C7AEA27C49F68005028B2 /* Interval.swift in Sources */,
				E056B03027BB493300E8231F /* 3-TwoPointersPattern.swift in Sources */,
				E0B0661227AF344700D2542E /* AppDelegate.swift in Sources */,
				E0B0661427AF344700D2542E /* SceneDelegate.swift in Sources */,
			);
			runOnlyForDeploymentPostprocessing = 0;
		};
		E0B0662027AF344900D2542E /* Sources */ = {
			isa = PBXSourcesBuildPhase;
			buildActionMask = 2147483647;
			files = (
				E06C7AE827C49DFF005028B2 /* 5-MergeIntervalsPatternTests.swift in Sources */,
				E0B0662927AF344900D2542E /* 2-SlidingWindowPatternTests.swift in Sources */,
				E043545B27BD33EE00CAC1BA /* 4-FastAndSlowPointersPatternTests.swift in Sources */,
				E056B03227BB497500E8231F /* 3-TwoPointersPatternTests.swift in Sources */,
			);
			runOnlyForDeploymentPostprocessing = 0;
		};
/* End PBXSourcesBuildPhase section */

/* Begin PBXTargetDependency section */
		E0B0662627AF344900D2542E /* PBXTargetDependency */ = {
			isa = PBXTargetDependency;
			target = E0B0660D27AF344700D2542E /* GrokkingTheCodingInterview */;
			targetProxy = E0B0662527AF344900D2542E /* PBXContainerItemProxy */;
		};
/* End PBXTargetDependency section */

/* Begin PBXVariantGroup section */
		E0B0661727AF344700D2542E /* Main.storyboard */ = {
			isa = PBXVariantGroup;
			children = (
				E0B0661827AF344700D2542E /* Base */,
			);
			name = Main.storyboard;
			sourceTree = "<group>";
		};
		E0B0661C27AF344900D2542E /* LaunchScreen.storyboard */ = {
			isa = PBXVariantGroup;
			children = (
				E0B0661D27AF344900D2542E /* Base */,
			);
			name = LaunchScreen.storyboard;
			sourceTree = "<group>";
		};
/* End PBXVariantGroup section */

/* Begin XCBuildConfiguration section */
		E0B0663627AF344900D2542E /* Debug */ = {
			isa = XCBuildConfiguration;
			buildSettings = {
				ALWAYS_SEARCH_USER_PATHS = NO;
				CLANG_ANALYZER_NONNULL = YES;
				CLANG_ANALYZER_NUMBER_OBJECT_CONVERSION = YES_AGGRESSIVE;
				CLANG_CXX_LANGUAGE_STANDARD = "gnu++17";
				CLANG_CXX_LIBRARY = "libc++";
				CLANG_ENABLE_MODULES = YES;
				CLANG_ENABLE_OBJC_ARC = YES;
				CLANG_ENABLE_OBJC_WEAK = YES;
				CLANG_WARN_BLOCK_CAPTURE_AUTORELEASING = YES;
				CLANG_WARN_BOOL_CONVERSION = YES;
				CLANG_WARN_COMMA = YES;
				CLANG_WARN_CONSTANT_CONVERSION = YES;
				CLANG_WARN_DEPRECATED_OBJC_IMPLEMENTATIONS = YES;
				CLANG_WARN_DIRECT_OBJC_ISA_USAGE = YES_ERROR;
				CLANG_WARN_DOCUMENTATION_COMMENTS = YES;
				CLANG_WARN_EMPTY_BODY = YES;
				CLANG_WARN_ENUM_CONVERSION = YES;
				CLANG_WARN_INFINITE_RECURSION = YES;
				CLANG_WARN_INT_CONVERSION = YES;
				CLANG_WARN_NON_LITERAL_NULL_CONVERSION = YES;
				CLANG_WARN_OBJC_IMPLICIT_RETAIN_SELF = YES;
				CLANG_WARN_OBJC_LITERAL_CONVERSION = YES;
				CLANG_WARN_OBJC_ROOT_CLASS = YES_ERROR;
				CLANG_WARN_QUOTED_INCLUDE_IN_FRAMEWORK_HEADER = YES;
				CLANG_WARN_RANGE_LOOP_ANALYSIS = YES;
				CLANG_WARN_STRICT_PROTOTYPES = YES;
				CLANG_WARN_SUSPICIOUS_MOVE = YES;
				CLANG_WARN_UNGUARDED_AVAILABILITY = YES_AGGRESSIVE;
				CLANG_WARN_UNREACHABLE_CODE = YES;
				CLANG_WARN__DUPLICATE_METHOD_MATCH = YES;
				COPY_PHASE_STRIP = NO;
				DEBUG_INFORMATION_FORMAT = dwarf;
				ENABLE_STRICT_OBJC_MSGSEND = YES;
				ENABLE_TESTABILITY = YES;
				GCC_C_LANGUAGE_STANDARD = gnu11;
				GCC_DYNAMIC_NO_PIC = NO;
				GCC_NO_COMMON_BLOCKS = YES;
				GCC_OPTIMIZATION_LEVEL = 0;
				GCC_PREPROCESSOR_DEFINITIONS = (
					"DEBUG=1",
					"$(inherited)",
				);
				GCC_WARN_64_TO_32_BIT_CONVERSION = YES;
				GCC_WARN_ABOUT_RETURN_TYPE = YES_ERROR;
				GCC_WARN_UNDECLARED_SELECTOR = YES;
				GCC_WARN_UNINITIALIZED_AUTOS = YES_AGGRESSIVE;
				GCC_WARN_UNUSED_FUNCTION = YES;
				GCC_WARN_UNUSED_VARIABLE = YES;
				IPHONEOS_DEPLOYMENT_TARGET = 15.0;
				MTL_ENABLE_DEBUG_INFO = INCLUDE_SOURCE;
				MTL_FAST_MATH = YES;
				ONLY_ACTIVE_ARCH = YES;
				SDKROOT = iphoneos;
				SWIFT_ACTIVE_COMPILATION_CONDITIONS = DEBUG;
				SWIFT_OPTIMIZATION_LEVEL = "-Onone";
			};
			name = Debug;
		};
		E0B0663727AF344900D2542E /* Release */ = {
			isa = XCBuildConfiguration;
			buildSettings = {
				ALWAYS_SEARCH_USER_PATHS = NO;
				CLANG_ANALYZER_NONNULL = YES;
				CLANG_ANALYZER_NUMBER_OBJECT_CONVERSION = YES_AGGRESSIVE;
				CLANG_CXX_LANGUAGE_STANDARD = "gnu++17";
				CLANG_CXX_LIBRARY = "libc++";
				CLANG_ENABLE_MODULES = YES;
				CLANG_ENABLE_OBJC_ARC = YES;
				CLANG_ENABLE_OBJC_WEAK = YES;
				CLANG_WARN_BLOCK_CAPTURE_AUTORELEASING = YES;
				CLANG_WARN_BOOL_CONVERSION = YES;
				CLANG_WARN_COMMA = YES;
				CLANG_WARN_CONSTANT_CONVERSION = YES;
				CLANG_WARN_DEPRECATED_OBJC_IMPLEMENTATIONS = YES;
				CLANG_WARN_DIRECT_OBJC_ISA_USAGE = YES_ERROR;
				CLANG_WARN_DOCUMENTATION_COMMENTS = YES;
				CLANG_WARN_EMPTY_BODY = YES;
				CLANG_WARN_ENUM_CONVERSION = YES;
				CLANG_WARN_INFINITE_RECURSION = YES;
				CLANG_WARN_INT_CONVERSION = YES;
				CLANG_WARN_NON_LITERAL_NULL_CONVERSION = YES;
				CLANG_WARN_OBJC_IMPLICIT_RETAIN_SELF = YES;
				CLANG_WARN_OBJC_LITERAL_CONVERSION = YES;
				CLANG_WARN_OBJC_ROOT_CLASS = YES_ERROR;
				CLANG_WARN_QUOTED_INCLUDE_IN_FRAMEWORK_HEADER = YES;
				CLANG_WARN_RANGE_LOOP_ANALYSIS = YES;
				CLANG_WARN_STRICT_PROTOTYPES = YES;
				CLANG_WARN_SUSPICIOUS_MOVE = YES;
				CLANG_WARN_UNGUARDED_AVAILABILITY = YES_AGGRESSIVE;
				CLANG_WARN_UNREACHABLE_CODE = YES;
				CLANG_WARN__DUPLICATE_METHOD_MATCH = YES;
				COPY_PHASE_STRIP = NO;
				DEBUG_INFORMATION_FORMAT = "dwarf-with-dsym";
				ENABLE_NS_ASSERTIONS = NO;
				ENABLE_STRICT_OBJC_MSGSEND = YES;
				GCC_C_LANGUAGE_STANDARD = gnu11;
				GCC_NO_COMMON_BLOCKS = YES;
				GCC_WARN_64_TO_32_BIT_CONVERSION = YES;
				GCC_WARN_ABOUT_RETURN_TYPE = YES_ERROR;
				GCC_WARN_UNDECLARED_SELECTOR = YES;
				GCC_WARN_UNINITIALIZED_AUTOS = YES_AGGRESSIVE;
				GCC_WARN_UNUSED_FUNCTION = YES;
				GCC_WARN_UNUSED_VARIABLE = YES;
				IPHONEOS_DEPLOYMENT_TARGET = 15.0;
				MTL_ENABLE_DEBUG_INFO = NO;
				MTL_FAST_MATH = YES;
				SDKROOT = iphoneos;
				SWIFT_COMPILATION_MODE = wholemodule;
				SWIFT_OPTIMIZATION_LEVEL = "-O";
				VALIDATE_PRODUCT = YES;
			};
			name = Release;
		};
		E0B0663927AF344900D2542E /* Debug */ = {
			isa = XCBuildConfiguration;
			buildSettings = {
				ASSETCATALOG_COMPILER_APPICON_NAME = AppIcon;
				ASSETCATALOG_COMPILER_GLOBAL_ACCENT_COLOR_NAME = AccentColor;
				CODE_SIGN_STYLE = Automatic;
				CURRENT_PROJECT_VERSION = 1;
				GENERATE_INFOPLIST_FILE = YES;
				INFOPLIST_FILE = GrokkingTheCodingInterview/Info.plist;
				INFOPLIST_KEY_UIApplicationSupportsIndirectInputEvents = YES;
				INFOPLIST_KEY_UILaunchStoryboardName = LaunchScreen;
				INFOPLIST_KEY_UIMainStoryboardFile = Main;
				INFOPLIST_KEY_UISupportedInterfaceOrientations_iPad = "UIInterfaceOrientationPortrait UIInterfaceOrientationPortraitUpsideDown UIInterfaceOrientationLandscapeLeft UIInterfaceOrientationLandscapeRight";
				INFOPLIST_KEY_UISupportedInterfaceOrientations_iPhone = "UIInterfaceOrientationPortrait UIInterfaceOrientationLandscapeLeft UIInterfaceOrientationLandscapeRight";
				LD_RUNPATH_SEARCH_PATHS = (
					"$(inherited)",
					"@executable_path/Frameworks",
				);
				MARKETING_VERSION = 1.0;
				PRODUCT_BUNDLE_IDENTIFIER = com.AdaloveSoftware.GrokkingTheCodingInterview;
				PRODUCT_NAME = "$(TARGET_NAME)";
				SWIFT_EMIT_LOC_STRINGS = YES;
				SWIFT_VERSION = 5.0;
				TARGETED_DEVICE_FAMILY = "1,2";
			};
			name = Debug;
		};
		E0B0663A27AF344900D2542E /* Release */ = {
			isa = XCBuildConfiguration;
			buildSettings = {
				ASSETCATALOG_COMPILER_APPICON_NAME = AppIcon;
				ASSETCATALOG_COMPILER_GLOBAL_ACCENT_COLOR_NAME = AccentColor;
				CODE_SIGN_STYLE = Automatic;
				CURRENT_PROJECT_VERSION = 1;
				GENERATE_INFOPLIST_FILE = YES;
				INFOPLIST_FILE = GrokkingTheCodingInterview/Info.plist;
				INFOPLIST_KEY_UIApplicationSupportsIndirectInputEvents = YES;
				INFOPLIST_KEY_UILaunchStoryboardName = LaunchScreen;
				INFOPLIST_KEY_UIMainStoryboardFile = Main;
				INFOPLIST_KEY_UISupportedInterfaceOrientations_iPad = "UIInterfaceOrientationPortrait UIInterfaceOrientationPortraitUpsideDown UIInterfaceOrientationLandscapeLeft UIInterfaceOrientationLandscapeRight";
				INFOPLIST_KEY_UISupportedInterfaceOrientations_iPhone = "UIInterfaceOrientationPortrait UIInterfaceOrientationLandscapeLeft UIInterfaceOrientationLandscapeRight";
				LD_RUNPATH_SEARCH_PATHS = (
					"$(inherited)",
					"@executable_path/Frameworks",
				);
				MARKETING_VERSION = 1.0;
				PRODUCT_BUNDLE_IDENTIFIER = com.AdaloveSoftware.GrokkingTheCodingInterview;
				PRODUCT_NAME = "$(TARGET_NAME)";
				SWIFT_EMIT_LOC_STRINGS = YES;
				SWIFT_VERSION = 5.0;
				TARGETED_DEVICE_FAMILY = "1,2";
			};
			name = Release;
		};
		E0B0663C27AF344900D2542E /* Debug */ = {
			isa = XCBuildConfiguration;
			buildSettings = {
				ALWAYS_EMBED_SWIFT_STANDARD_LIBRARIES = YES;
				BUNDLE_LOADER = "$(TEST_HOST)";
				CODE_SIGN_STYLE = Automatic;
				CURRENT_PROJECT_VERSION = 1;
				GENERATE_INFOPLIST_FILE = YES;
				IPHONEOS_DEPLOYMENT_TARGET = 15.0;
				LD_RUNPATH_SEARCH_PATHS = (
					"$(inherited)",
					"@executable_path/Frameworks",
					"@loader_path/Frameworks",
				);
				MARKETING_VERSION = 1.0;
				PRODUCT_BUNDLE_IDENTIFIER = com.AdaloveSoftware.GrokkingTheCodingInterviewTests;
				PRODUCT_NAME = "$(TARGET_NAME)";
				SWIFT_EMIT_LOC_STRINGS = NO;
				SWIFT_VERSION = 5.0;
				TARGETED_DEVICE_FAMILY = "1,2";
				TEST_HOST = "$(BUILT_PRODUCTS_DIR)/GrokkingTheCodingInterview.app/GrokkingTheCodingInterview";
			};
			name = Debug;
		};
		E0B0663D27AF344900D2542E /* Release */ = {
			isa = XCBuildConfiguration;
			buildSettings = {
				ALWAYS_EMBED_SWIFT_STANDARD_LIBRARIES = YES;
				BUNDLE_LOADER = "$(TEST_HOST)";
				CODE_SIGN_STYLE = Automatic;
				CURRENT_PROJECT_VERSION = 1;
				GENERATE_INFOPLIST_FILE = YES;
				IPHONEOS_DEPLOYMENT_TARGET = 15.0;
				LD_RUNPATH_SEARCH_PATHS = (
					"$(inherited)",
					"@executable_path/Frameworks",
					"@loader_path/Frameworks",
				);
				MARKETING_VERSION = 1.0;
				PRODUCT_BUNDLE_IDENTIFIER = com.AdaloveSoftware.GrokkingTheCodingInterviewTests;
				PRODUCT_NAME = "$(TARGET_NAME)";
				SWIFT_EMIT_LOC_STRINGS = NO;
				SWIFT_VERSION = 5.0;
				TARGETED_DEVICE_FAMILY = "1,2";
				TEST_HOST = "$(BUILT_PRODUCTS_DIR)/GrokkingTheCodingInterview.app/GrokkingTheCodingInterview";
			};
			name = Release;
		};
/* End XCBuildConfiguration section */

/* Begin XCConfigurationList section */
		E0B0660927AF344700D2542E /* Build configuration list for PBXProject "GrokkingTheCodingInterview" */ = {
			isa = XCConfigurationList;
			buildConfigurations = (
				E0B0663627AF344900D2542E /* Debug */,
				E0B0663727AF344900D2542E /* Release */,
			);
			defaultConfigurationIsVisible = 0;
			defaultConfigurationName = Release;
		};
		E0B0663827AF344900D2542E /* Build configuration list for PBXNativeTarget "GrokkingTheCodingInterview" */ = {
			isa = XCConfigurationList;
			buildConfigurations = (
				E0B0663927AF344900D2542E /* Debug */,
				E0B0663A27AF344900D2542E /* Release */,
			);
			defaultConfigurationIsVisible = 0;
			defaultConfigurationName = Release;
		};
		E0B0663B27AF344900D2542E /* Build configuration list for PBXNativeTarget "GrokkingTheCodingInterviewTests" */ = {
			isa = XCConfigurationList;
			buildConfigurations = (
				E0B0663C27AF344900D2542E /* Debug */,
				E0B0663D27AF344900D2542E /* Release */,
			);
			defaultConfigurationIsVisible = 0;
			defaultConfigurationName = Release;
		};
/* End XCConfigurationList section */

/* Begin XCRemoteSwiftPackageReference section */
		E088CA4827C29A000086831E /* XCRemoteSwiftPackageReference "swift-collections" */ = {
			isa = XCRemoteSwiftPackageReference;
			repositoryURL = "https://github.com/apple/swift-collections.git";
			requirement = {
				kind = exactVersion;
				version = 1.0.1;
			};
		};
/* End XCRemoteSwiftPackageReference section */

/* Begin XCSwiftPackageProductDependency section */
		E088CA4927C29A000086831E /* DequeModule */ = {
			isa = XCSwiftPackageProductDependency;
			package = E088CA4827C29A000086831E /* XCRemoteSwiftPackageReference "swift-collections" */;
			productName = DequeModule;
		};
/* End XCSwiftPackageProductDependency section */
	};
	rootObject = E0B0660627AF344700D2542E /* Project object */;
}
