// !$*UTF8*$!
{
	archiveVersion = 1;
	classes = {
	};
	objectVersion = 55;
	objects = {

/* Begin PBXBuildFile section */
		E06B5CBE27740486000538D3 /* AppDelegate.swift in Sources */ = {isa = PBXBuildFile; fileRef = E06B5CBD27740486000538D3 /* AppDelegate.swift */; };
		E06B5CC027740486000538D3 /* SceneDelegate.swift in Sources */ = {isa = PBXBuildFile; fileRef = E06B5CBF27740486000538D3 /* SceneDelegate.swift */; };
		E06B5CC227740486000538D3 /* ViewController.swift in Sources */ = {isa = PBXBuildFile; fileRef = E06B5CC127740486000538D3 /* ViewController.swift */; };
		E06B5CC527740486000538D3 /* Main.storyboard in Resources */ = {isa = PBXBuildFile; fileRef = E06B5CC327740486000538D3 /* Main.storyboard */; };
		E06B5CC727740488000538D3 /* Assets.xcassets in Resources */ = {isa = PBXBuildFile; fileRef = E06B5CC627740488000538D3 /* Assets.xcassets */; };
		E06B5CCA27740488000538D3 /* LaunchScreen.storyboard in Resources */ = {isa = PBXBuildFile; fileRef = E06B5CC827740488000538D3 /* LaunchScreen.storyboard */; };
		E06B5CD527740489000538D3 /* SingleLinkedListTests.swift in Sources */ = {isa = PBXBuildFile; fileRef = E06B5CD427740489000538D3 /* SingleLinkedListTests.swift */; };
		E06B5CEF2774049F000538D3 /* SingleLinkedList.swift in Sources */ = {isa = PBXBuildFile; fileRef = E06B5CEE2774049F000538D3 /* SingleLinkedList.swift */; };
		E06B5CF127740575000538D3 /* Algorithms.swift in Sources */ = {isa = PBXBuildFile; fileRef = E06B5CF027740575000538D3 /* Algorithms.swift */; };
		E06B5CF52774059A000538D3 /* AlgorithmsTests.swift in Sources */ = {isa = PBXBuildFile; fileRef = E06B5CF42774059A000538D3 /* AlgorithmsTests.swift */; };
		E06B5CF72774083A000538D3 /* DoubleLinkedList.swift in Sources */ = {isa = PBXBuildFile; fileRef = E06B5CF62774083A000538D3 /* DoubleLinkedList.swift */; };
		E06B5CF9277409CB000538D3 /* DoubleLinkedListTests.swift in Sources */ = {isa = PBXBuildFile; fileRef = E06B5CF8277409CB000538D3 /* DoubleLinkedListTests.swift */; };
/* End PBXBuildFile section */

/* Begin PBXContainerItemProxy section */
		E06B5CD127740489000538D3 /* PBXContainerItemProxy */ = {
			isa = PBXContainerItemProxy;
			containerPortal = E06B5CB227740486000538D3 /* Project object */;
			proxyType = 1;
			remoteGlobalIDString = E06B5CB927740486000538D3;
			remoteInfo = LinkedLists;
		};
/* End PBXContainerItemProxy section */

/* Begin PBXFileReference section */
		E06B5CBA27740486000538D3 /* LinkedLists.app */ = {isa = PBXFileReference; explicitFileType = wrapper.application; includeInIndex = 0; path = LinkedLists.app; sourceTree = BUILT_PRODUCTS_DIR; };
		E06B5CBD27740486000538D3 /* AppDelegate.swift */ = {isa = PBXFileReference; lastKnownFileType = sourcecode.swift; path = AppDelegate.swift; sourceTree = "<group>"; };
		E06B5CBF27740486000538D3 /* SceneDelegate.swift */ = {isa = PBXFileReference; lastKnownFileType = sourcecode.swift; path = SceneDelegate.swift; sourceTree = "<group>"; };
		E06B5CC127740486000538D3 /* ViewController.swift */ = {isa = PBXFileReference; lastKnownFileType = sourcecode.swift; path = ViewController.swift; sourceTree = "<group>"; };
		E06B5CC427740486000538D3 /* Base */ = {isa = PBXFileReference; lastKnownFileType = file.storyboard; name = Base; path = Base.lproj/Main.storyboard; sourceTree = "<group>"; };
		E06B5CC627740488000538D3 /* Assets.xcassets */ = {isa = PBXFileReference; lastKnownFileType = folder.assetcatalog; path = Assets.xcassets; sourceTree = "<group>"; };
		E06B5CC927740488000538D3 /* Base */ = {isa = PBXFileReference; lastKnownFileType = file.storyboard; name = Base; path = Base.lproj/LaunchScreen.storyboard; sourceTree = "<group>"; };
		E06B5CCB27740488000538D3 /* Info.plist */ = {isa = PBXFileReference; lastKnownFileType = text.plist.xml; path = Info.plist; sourceTree = "<group>"; };
		E06B5CD027740489000538D3 /* LinkedListsTests.xctest */ = {isa = PBXFileReference; explicitFileType = wrapper.cfbundle; includeInIndex = 0; path = LinkedListsTests.xctest; sourceTree = BUILT_PRODUCTS_DIR; };
		E06B5CD427740489000538D3 /* SingleLinkedListTests.swift */ = {isa = PBXFileReference; lastKnownFileType = sourcecode.swift; path = SingleLinkedListTests.swift; sourceTree = "<group>"; };
		E06B5CEE2774049F000538D3 /* SingleLinkedList.swift */ = {isa = PBXFileReference; lastKnownFileType = sourcecode.swift; path = SingleLinkedList.swift; sourceTree = "<group>"; };
		E06B5CF027740575000538D3 /* Algorithms.swift */ = {isa = PBXFileReference; lastKnownFileType = sourcecode.swift; path = Algorithms.swift; sourceTree = "<group>"; };
		E06B5CF42774059A000538D3 /* AlgorithmsTests.swift */ = {isa = PBXFileReference; lastKnownFileType = sourcecode.swift; path = AlgorithmsTests.swift; sourceTree = "<group>"; };
		E06B5CF62774083A000538D3 /* DoubleLinkedList.swift */ = {isa = PBXFileReference; lastKnownFileType = sourcecode.swift; path = DoubleLinkedList.swift; sourceTree = "<group>"; };
		E06B5CF8277409CB000538D3 /* DoubleLinkedListTests.swift */ = {isa = PBXFileReference; lastKnownFileType = sourcecode.swift; path = DoubleLinkedListTests.swift; sourceTree = "<group>"; };
/* End PBXFileReference section */

/* Begin PBXFrameworksBuildPhase section */
		E06B5CB727740486000538D3 /* Frameworks */ = {
			isa = PBXFrameworksBuildPhase;
			buildActionMask = 2147483647;
			files = (
			);
			runOnlyForDeploymentPostprocessing = 0;
		};
		E06B5CCD27740489000538D3 /* Frameworks */ = {
			isa = PBXFrameworksBuildPhase;
			buildActionMask = 2147483647;
			files = (
			);
			runOnlyForDeploymentPostprocessing = 0;
		};
/* End PBXFrameworksBuildPhase section */

/* Begin PBXGroup section */
		E06B5CB127740486000538D3 = {
			isa = PBXGroup;
			children = (
				E06B5CBC27740486000538D3 /* LinkedLists */,
				E06B5CD327740489000538D3 /* LinkedListsTests */,
				E06B5CBB27740486000538D3 /* Products */,
			);
			sourceTree = "<group>";
		};
		E06B5CBB27740486000538D3 /* Products */ = {
			isa = PBXGroup;
			children = (
				E06B5CBA27740486000538D3 /* LinkedLists.app */,
				E06B5CD027740489000538D3 /* LinkedListsTests.xctest */,
			);
			name = Products;
			sourceTree = "<group>";
		};
		E06B5CBC27740486000538D3 /* LinkedLists */ = {
			isa = PBXGroup;
			children = (
				E06B5CF027740575000538D3 /* Algorithms.swift */,
				E06B5CEE2774049F000538D3 /* SingleLinkedList.swift */,
				E06B5CF62774083A000538D3 /* DoubleLinkedList.swift */,
				E06B5CED2774048E000538D3 /* Supporting */,
				E06B5CCB27740488000538D3 /* Info.plist */,
			);
			path = LinkedLists;
			sourceTree = "<group>";
		};
		E06B5CD327740489000538D3 /* LinkedListsTests */ = {
			isa = PBXGroup;
			children = (
				E06B5CD427740489000538D3 /* SingleLinkedListTests.swift */,
				E06B5CF8277409CB000538D3 /* DoubleLinkedListTests.swift */,
				E06B5CF42774059A000538D3 /* AlgorithmsTests.swift */,
			);
			path = LinkedListsTests;
			sourceTree = "<group>";
		};
		E06B5CED2774048E000538D3 /* Supporting */ = {
			isa = PBXGroup;
			children = (
				E06B5CBD27740486000538D3 /* AppDelegate.swift */,
				E06B5CBF27740486000538D3 /* SceneDelegate.swift */,
				E06B5CC127740486000538D3 /* ViewController.swift */,
				E06B5CC327740486000538D3 /* Main.storyboard */,
				E06B5CC627740488000538D3 /* Assets.xcassets */,
				E06B5CC827740488000538D3 /* LaunchScreen.storyboard */,
			);
			path = Supporting;
			sourceTree = "<group>";
		};
/* End PBXGroup section */

/* Begin PBXNativeTarget section */
		E06B5CB927740486000538D3 /* LinkedLists */ = {
			isa = PBXNativeTarget;
			buildConfigurationList = E06B5CE427740489000538D3 /* Build configuration list for PBXNativeTarget "LinkedLists" */;
			buildPhases = (
				E06B5CB627740486000538D3 /* Sources */,
				E06B5CB727740486000538D3 /* Frameworks */,
				E06B5CB827740486000538D3 /* Resources */,
			);
			buildRules = (
			);
			dependencies = (
			);
			name = LinkedLists;
			productName = LinkedLists;
			productReference = E06B5CBA27740486000538D3 /* LinkedLists.app */;
			productType = "com.apple.product-type.application";
		};
		E06B5CCF27740489000538D3 /* LinkedListsTests */ = {
			isa = PBXNativeTarget;
			buildConfigurationList = E06B5CE727740489000538D3 /* Build configuration list for PBXNativeTarget "LinkedListsTests" */;
			buildPhases = (
				E06B5CCC27740489000538D3 /* Sources */,
				E06B5CCD27740489000538D3 /* Frameworks */,
				E06B5CCE27740489000538D3 /* Resources */,
			);
			buildRules = (
			);
			dependencies = (
				E06B5CD227740489000538D3 /* PBXTargetDependency */,
			);
			name = LinkedListsTests;
			productName = LinkedListsTests;
			productReference = E06B5CD027740489000538D3 /* LinkedListsTests.xctest */;
			productType = "com.apple.product-type.bundle.unit-test";
		};
/* End PBXNativeTarget section */

/* Begin PBXProject section */
		E06B5CB227740486000538D3 /* Project object */ = {
			isa = PBXProject;
			attributes = {
				BuildIndependentTargetsInParallel = 1;
				LastSwiftUpdateCheck = 1310;
				LastUpgradeCheck = 1310;
				TargetAttributes = {
					E06B5CB927740486000538D3 = {
						CreatedOnToolsVersion = 13.1;
					};
					E06B5CCF27740489000538D3 = {
						CreatedOnToolsVersion = 13.1;
						TestTargetID = E06B5CB927740486000538D3;
					};
				};
			};
			buildConfigurationList = E06B5CB527740486000538D3 /* Build configuration list for PBXProject "LinkedLists" */;
			compatibilityVersion = "Xcode 13.0";
			developmentRegion = en;
			hasScannedForEncodings = 0;
			knownRegions = (
				en,
				Base,
			);
			mainGroup = E06B5CB127740486000538D3;
			productRefGroup = E06B5CBB27740486000538D3 /* Products */;
			projectDirPath = "";
			projectRoot = "";
			targets = (
				E06B5CB927740486000538D3 /* LinkedLists */,
				E06B5CCF27740489000538D3 /* LinkedListsTests */,
			);
		};
/* End PBXProject section */

/* Begin PBXResourcesBuildPhase section */
		E06B5CB827740486000538D3 /* Resources */ = {
			isa = PBXResourcesBuildPhase;
			buildActionMask = 2147483647;
			files = (
				E06B5CCA27740488000538D3 /* LaunchScreen.storyboard in Resources */,
				E06B5CC727740488000538D3 /* Assets.xcassets in Resources */,
				E06B5CC527740486000538D3 /* Main.storyboard in Resources */,
			);
			runOnlyForDeploymentPostprocessing = 0;
		};
		E06B5CCE27740489000538D3 /* Resources */ = {
			isa = PBXResourcesBuildPhase;
			buildActionMask = 2147483647;
			files = (
			);
			runOnlyForDeploymentPostprocessing = 0;
		};
/* End PBXResourcesBuildPhase section */

/* Begin PBXSourcesBuildPhase section */
		E06B5CB627740486000538D3 /* Sources */ = {
			isa = PBXSourcesBuildPhase;
			buildActionMask = 2147483647;
			files = (
				E06B5CC227740486000538D3 /* ViewController.swift in Sources */,
				E06B5CF72774083A000538D3 /* DoubleLinkedList.swift in Sources */,
				E06B5CBE27740486000538D3 /* AppDelegate.swift in Sources */,
				E06B5CEF2774049F000538D3 /* SingleLinkedList.swift in Sources */,
				E06B5CF127740575000538D3 /* Algorithms.swift in Sources */,
				E06B5CC027740486000538D3 /* SceneDelegate.swift in Sources */,
			);
			runOnlyForDeploymentPostprocessing = 0;
		};
		E06B5CCC27740489000538D3 /* Sources */ = {
			isa = PBXSourcesBuildPhase;
			buildActionMask = 2147483647;
			files = (
				E06B5CD527740489000538D3 /* SingleLinkedListTests.swift in Sources */,
				E06B5CF9277409CB000538D3 /* DoubleLinkedListTests.swift in Sources */,
				E06B5CF52774059A000538D3 /* AlgorithmsTests.swift in Sources */,
			);
			runOnlyForDeploymentPostprocessing = 0;
		};
/* End PBXSourcesBuildPhase section */

/* Begin PBXTargetDependency section */
		E06B5CD227740489000538D3 /* PBXTargetDependency */ = {
			isa = PBXTargetDependency;
			target = E06B5CB927740486000538D3 /* LinkedLists */;
			targetProxy = E06B5CD127740489000538D3 /* PBXContainerItemProxy */;
		};
/* End PBXTargetDependency section */

/* Begin PBXVariantGroup section */
		E06B5CC327740486000538D3 /* Main.storyboard */ = {
			isa = PBXVariantGroup;
			children = (
				E06B5CC427740486000538D3 /* Base */,
			);
			name = Main.storyboard;
			sourceTree = "<group>";
		};
		E06B5CC827740488000538D3 /* LaunchScreen.storyboard */ = {
			isa = PBXVariantGroup;
			children = (
				E06B5CC927740488000538D3 /* Base */,
			);
			name = LaunchScreen.storyboard;
			sourceTree = "<group>";
		};
/* End PBXVariantGroup section */

/* Begin XCBuildConfiguration section */
		E06B5CE227740489000538D3 /* Debug */ = {
			isa = XCBuildConfiguration;
			buildSettings = {
				ALWAYS_SEARCH_USER_PATHS = NO;
				CLANG_ANALYZER_NONNULL = YES;
				CLANG_ANALYZER_NUMBER_OBJECT_CONVERSION = YES_AGGRESSIVE;
				CLANG_CXX_LANGUAGE_STANDARD = "gnu++17";
				CLANG_CXX_LIBRARY = "libc++";
				CLANG_ENABLE_MODULES = YES;
				CLANG_ENABLE_OBJC_ARC = YES;
				CLANG_ENABLE_OBJC_WEAK = YES;
				CLANG_WARN_BLOCK_CAPTURE_AUTORELEASING = YES;
				CLANG_WARN_BOOL_CONVERSION = YES;
				CLANG_WARN_COMMA = YES;
				CLANG_WARN_CONSTANT_CONVERSION = YES;
				CLANG_WARN_DEPRECATED_OBJC_IMPLEMENTATIONS = YES;
				CLANG_WARN_DIRECT_OBJC_ISA_USAGE = YES_ERROR;
				CLANG_WARN_DOCUMENTATION_COMMENTS = YES;
				CLANG_WARN_EMPTY_BODY = YES;
				CLANG_WARN_ENUM_CONVERSION = YES;
				CLANG_WARN_INFINITE_RECURSION = YES;
				CLANG_WARN_INT_CONVERSION = YES;
				CLANG_WARN_NON_LITERAL_NULL_CONVERSION = YES;
				CLANG_WARN_OBJC_IMPLICIT_RETAIN_SELF = YES;
				CLANG_WARN_OBJC_LITERAL_CONVERSION = YES;
				CLANG_WARN_OBJC_ROOT_CLASS = YES_ERROR;
				CLANG_WARN_QUOTED_INCLUDE_IN_FRAMEWORK_HEADER = YES;
				CLANG_WARN_RANGE_LOOP_ANALYSIS = YES;
				CLANG_WARN_STRICT_PROTOTYPES = YES;
				CLANG_WARN_SUSPICIOUS_MOVE = YES;
				CLANG_WARN_UNGUARDED_AVAILABILITY = YES_AGGRESSIVE;
				CLANG_WARN_UNREACHABLE_CODE = YES;
				CLANG_WARN__DUPLICATE_METHOD_MATCH = YES;
				COPY_PHASE_STRIP = NO;
				DEBUG_INFORMATION_FORMAT = dwarf;
				ENABLE_STRICT_OBJC_MSGSEND = YES;
				ENABLE_TESTABILITY = YES;
				GCC_C_LANGUAGE_STANDARD = gnu11;
				GCC_DYNAMIC_NO_PIC = NO;
				GCC_NO_COMMON_BLOCKS = YES;
				GCC_OPTIMIZATION_LEVEL = 0;
				GCC_PREPROCESSOR_DEFINITIONS = (
					"DEBUG=1",
					"$(inherited)",
				);
				GCC_WARN_64_TO_32_BIT_CONVERSION = YES;
				GCC_WARN_ABOUT_RETURN_TYPE = YES_ERROR;
				GCC_WARN_UNDECLARED_SELECTOR = YES;
				GCC_WARN_UNINITIALIZED_AUTOS = YES_AGGRESSIVE;
				GCC_WARN_UNUSED_FUNCTION = YES;
				GCC_WARN_UNUSED_VARIABLE = YES;
				IPHONEOS_DEPLOYMENT_TARGET = 15.0;
				MTL_ENABLE_DEBUG_INFO = INCLUDE_SOURCE;
				MTL_FAST_MATH = YES;
				ONLY_ACTIVE_ARCH = YES;
				SDKROOT = iphoneos;
				SWIFT_ACTIVE_COMPILATION_CONDITIONS = DEBUG;
				SWIFT_OPTIMIZATION_LEVEL = "-Onone";
			};
			name = Debug;
		};
		E06B5CE327740489000538D3 /* Release */ = {
			isa = XCBuildConfiguration;
			buildSettings = {
				ALWAYS_SEARCH_USER_PATHS = NO;
				CLANG_ANALYZER_NONNULL = YES;
				CLANG_ANALYZER_NUMBER_OBJECT_CONVERSION = YES_AGGRESSIVE;
				CLANG_CXX_LANGUAGE_STANDARD = "gnu++17";
				CLANG_CXX_LIBRARY = "libc++";
				CLANG_ENABLE_MODULES = YES;
				CLANG_ENABLE_OBJC_ARC = YES;
				CLANG_ENABLE_OBJC_WEAK = YES;
				CLANG_WARN_BLOCK_CAPTURE_AUTORELEASING = YES;
				CLANG_WARN_BOOL_CONVERSION = YES;
				CLANG_WARN_COMMA = YES;
				CLANG_WARN_CONSTANT_CONVERSION = YES;
				CLANG_WARN_DEPRECATED_OBJC_IMPLEMENTATIONS = YES;
				CLANG_WARN_DIRECT_OBJC_ISA_USAGE = YES_ERROR;
				CLANG_WARN_DOCUMENTATION_COMMENTS = YES;
				CLANG_WARN_EMPTY_BODY = YES;
				CLANG_WARN_ENUM_CONVERSION = YES;
				CLANG_WARN_INFINITE_RECURSION = YES;
				CLANG_WARN_INT_CONVERSION = YES;
				CLANG_WARN_NON_LITERAL_NULL_CONVERSION = YES;
				CLANG_WARN_OBJC_IMPLICIT_RETAIN_SELF = YES;
				CLANG_WARN_OBJC_LITERAL_CONVERSION = YES;
				CLANG_WARN_OBJC_ROOT_CLASS = YES_ERROR;
				CLANG_WARN_QUOTED_INCLUDE_IN_FRAMEWORK_HEADER = YES;
				CLANG_WARN_RANGE_LOOP_ANALYSIS = YES;
				CLANG_WARN_STRICT_PROTOTYPES = YES;
				CLANG_WARN_SUSPICIOUS_MOVE = YES;
				CLANG_WARN_UNGUARDED_AVAILABILITY = YES_AGGRESSIVE;
				CLANG_WARN_UNREACHABLE_CODE = YES;
				CLANG_WARN__DUPLICATE_METHOD_MATCH = YES;
				COPY_PHASE_STRIP = NO;
				DEBUG_INFORMATION_FORMAT = "dwarf-with-dsym";
				ENABLE_NS_ASSERTIONS = NO;
				ENABLE_STRICT_OBJC_MSGSEND = YES;
				GCC_C_LANGUAGE_STANDARD = gnu11;
				GCC_NO_COMMON_BLOCKS = YES;
				GCC_WARN_64_TO_32_BIT_CONVERSION = YES;
				GCC_WARN_ABOUT_RETURN_TYPE = YES_ERROR;
				GCC_WARN_UNDECLARED_SELECTOR = YES;
				GCC_WARN_UNINITIALIZED_AUTOS = YES_AGGRESSIVE;
				GCC_WARN_UNUSED_FUNCTION = YES;
				GCC_WARN_UNUSED_VARIABLE = YES;
				IPHONEOS_DEPLOYMENT_TARGET = 15.0;
				MTL_ENABLE_DEBUG_INFO = NO;
				MTL_FAST_MATH = YES;
				SDKROOT = iphoneos;
				SWIFT_COMPILATION_MODE = wholemodule;
				SWIFT_OPTIMIZATION_LEVEL = "-O";
				VALIDATE_PRODUCT = YES;
			};
			name = Release;
		};
		E06B5CE527740489000538D3 /* Debug */ = {
			isa = XCBuildConfiguration;
			buildSettings = {
				ASSETCATALOG_COMPILER_APPICON_NAME = AppIcon;
				ASSETCATALOG_COMPILER_GLOBAL_ACCENT_COLOR_NAME = AccentColor;
				CODE_SIGN_STYLE = Automatic;
				CURRENT_PROJECT_VERSION = 1;
				GENERATE_INFOPLIST_FILE = YES;
				INFOPLIST_FILE = LinkedLists/Info.plist;
				INFOPLIST_KEY_UIApplicationSupportsIndirectInputEvents = YES;
				INFOPLIST_KEY_UILaunchStoryboardName = LaunchScreen;
				INFOPLIST_KEY_UIMainStoryboardFile = Main;
				INFOPLIST_KEY_UISupportedInterfaceOrientations_iPad = "UIInterfaceOrientationPortrait UIInterfaceOrientationPortraitUpsideDown UIInterfaceOrientationLandscapeLeft UIInterfaceOrientationLandscapeRight";
				INFOPLIST_KEY_UISupportedInterfaceOrientations_iPhone = "UIInterfaceOrientationPortrait UIInterfaceOrientationLandscapeLeft UIInterfaceOrientationLandscapeRight";
				LD_RUNPATH_SEARCH_PATHS = (
					"$(inherited)",
					"@executable_path/Frameworks",
				);
				MARKETING_VERSION = 1.0;
				PRODUCT_BUNDLE_IDENTIFIER = com.AdaloveSoftware.LinkedLists;
				PRODUCT_NAME = "$(TARGET_NAME)";
				SWIFT_EMIT_LOC_STRINGS = YES;
				SWIFT_VERSION = 5.0;
				TARGETED_DEVICE_FAMILY = "1,2";
			};
			name = Debug;
		};
		E06B5CE627740489000538D3 /* Release */ = {
			isa = XCBuildConfiguration;
			buildSettings = {
				ASSETCATALOG_COMPILER_APPICON_NAME = AppIcon;
				ASSETCATALOG_COMPILER_GLOBAL_ACCENT_COLOR_NAME = AccentColor;
				CODE_SIGN_STYLE = Automatic;
				CURRENT_PROJECT_VERSION = 1;
				GENERATE_INFOPLIST_FILE = YES;
				INFOPLIST_FILE = LinkedLists/Info.plist;
				INFOPLIST_KEY_UIApplicationSupportsIndirectInputEvents = YES;
				INFOPLIST_KEY_UILaunchStoryboardName = LaunchScreen;
				INFOPLIST_KEY_UIMainStoryboardFile = Main;
				INFOPLIST_KEY_UISupportedInterfaceOrientations_iPad = "UIInterfaceOrientationPortrait UIInterfaceOrientationPortraitUpsideDown UIInterfaceOrientationLandscapeLeft UIInterfaceOrientationLandscapeRight";
				INFOPLIST_KEY_UISupportedInterfaceOrientations_iPhone = "UIInterfaceOrientationPortrait UIInterfaceOrientationLandscapeLeft UIInterfaceOrientationLandscapeRight";
				LD_RUNPATH_SEARCH_PATHS = (
					"$(inherited)",
					"@executable_path/Frameworks",
				);
				MARKETING_VERSION = 1.0;
				PRODUCT_BUNDLE_IDENTIFIER = com.AdaloveSoftware.LinkedLists;
				PRODUCT_NAME = "$(TARGET_NAME)";
				SWIFT_EMIT_LOC_STRINGS = YES;
				SWIFT_VERSION = 5.0;
				TARGETED_DEVICE_FAMILY = "1,2";
			};
			name = Release;
		};
		E06B5CE827740489000538D3 /* Debug */ = {
			isa = XCBuildConfiguration;
			buildSettings = {
				ALWAYS_EMBED_SWIFT_STANDARD_LIBRARIES = YES;
				BUNDLE_LOADER = "$(TEST_HOST)";
				CODE_SIGN_STYLE = Automatic;
				CURRENT_PROJECT_VERSION = 1;
				GENERATE_INFOPLIST_FILE = YES;
				IPHONEOS_DEPLOYMENT_TARGET = 15.0;
				LD_RUNPATH_SEARCH_PATHS = (
					"$(inherited)",
					"@executable_path/Frameworks",
					"@loader_path/Frameworks",
				);
				MARKETING_VERSION = 1.0;
				PRODUCT_BUNDLE_IDENTIFIER = com.AdaloveSoftware.LinkedListsTests;
				PRODUCT_NAME = "$(TARGET_NAME)";
				SWIFT_EMIT_LOC_STRINGS = NO;
				SWIFT_VERSION = 5.0;
				TARGETED_DEVICE_FAMILY = "1,2";
				TEST_HOST = "$(BUILT_PRODUCTS_DIR)/LinkedLists.app/LinkedLists";
			};
			name = Debug;
		};
		E06B5CE927740489000538D3 /* Release */ = {
			isa = XCBuildConfiguration;
			buildSettings = {
				ALWAYS_EMBED_SWIFT_STANDARD_LIBRARIES = YES;
				BUNDLE_LOADER = "$(TEST_HOST)";
				CODE_SIGN_STYLE = Automatic;
				CURRENT_PROJECT_VERSION = 1;
				GENERATE_INFOPLIST_FILE = YES;
				IPHONEOS_DEPLOYMENT_TARGET = 15.0;
				LD_RUNPATH_SEARCH_PATHS = (
					"$(inherited)",
					"@executable_path/Frameworks",
					"@loader_path/Frameworks",
				);
				MARKETING_VERSION = 1.0;
				PRODUCT_BUNDLE_IDENTIFIER = com.AdaloveSoftware.LinkedListsTests;
				PRODUCT_NAME = "$(TARGET_NAME)";
				SWIFT_EMIT_LOC_STRINGS = NO;
				SWIFT_VERSION = 5.0;
				TARGETED_DEVICE_FAMILY = "1,2";
				TEST_HOST = "$(BUILT_PRODUCTS_DIR)/LinkedLists.app/LinkedLists";
			};
			name = Release;
		};
/* End XCBuildConfiguration section */

/* Begin XCConfigurationList section */
		E06B5CB527740486000538D3 /* Build configuration list for PBXProject "LinkedLists" */ = {
			isa = XCConfigurationList;
			buildConfigurations = (
				E06B5CE227740489000538D3 /* Debug */,
				E06B5CE327740489000538D3 /* Release */,
			);
			defaultConfigurationIsVisible = 0;
			defaultConfigurationName = Release;
		};
		E06B5CE427740489000538D3 /* Build configuration list for PBXNativeTarget "LinkedLists" */ = {
			isa = XCConfigurationList;
			buildConfigurations = (
				E06B5CE527740489000538D3 /* Debug */,
				E06B5CE627740489000538D3 /* Release */,
			);
			defaultConfigurationIsVisible = 0;
			defaultConfigurationName = Release;
		};
		E06B5CE727740489000538D3 /* Build configuration list for PBXNativeTarget "LinkedListsTests" */ = {
			isa = XCConfigurationList;
			buildConfigurations = (
				E06B5CE827740489000538D3 /* Debug */,
				E06B5CE927740489000538D3 /* Release */,
			);
			defaultConfigurationIsVisible = 0;
			defaultConfigurationName = Release;
		};
/* End XCConfigurationList section */
	};
	rootObject = E06B5CB227740486000538D3 /* Project object */;
}
